// !$*UTF8*$!
{
	archiveVersion = 1;
	classes = {
	};
	objectVersion = 50;
	objects = {

/* Begin PBXBuildFile section */
		CE031FC5234E786A0047CE9F /* StudentLocationViewController.swift in Sources */ = {isa = PBXBuildFile; fileRef = CE031FC4234E786A0047CE9F /* StudentLocationViewController.swift */; };
		CE031FC7234E892B0047CE9F /* StudentListViewController.swift in Sources */ = {isa = PBXBuildFile; fileRef = CE031FC6234E892B0047CE9F /* StudentListViewController.swift */; };
		CE94B1B7234F70610011A927 /* UIViewController+Extension.swift in Sources */ = {isa = PBXBuildFile; fileRef = CE94B1B6234F70610011A927 /* UIViewController+Extension.swift */; };
		CE94B1BA234F7B980011A927 /* AddLocationViewController.swift in Sources */ = {isa = PBXBuildFile; fileRef = CE94B1B9234F7B980011A927 /* AddLocationViewController.swift */; };
		CEEE16AD234D36120060FAD7 /* AppDelegate.swift in Sources */ = {isa = PBXBuildFile; fileRef = CEEE16AC234D36120060FAD7 /* AppDelegate.swift */; };
		CEEE16AF234D36120060FAD7 /* SceneDelegate.swift in Sources */ = {isa = PBXBuildFile; fileRef = CEEE16AE234D36120060FAD7 /* SceneDelegate.swift */; };
		CEEE16B1234D36120060FAD7 /* LoginViewController.swift in Sources */ = {isa = PBXBuildFile; fileRef = CEEE16B0234D36120060FAD7 /* LoginViewController.swift */; };
		CEEE16B4234D36120060FAD7 /* Main.storyboard in Resources */ = {isa = PBXBuildFile; fileRef = CEEE16B2234D36120060FAD7 /* Main.storyboard */; };
		CEEE16B6234D36140060FAD7 /* Assets.xcassets in Resources */ = {isa = PBXBuildFile; fileRef = CEEE16B5234D36140060FAD7 /* Assets.xcassets */; };
		CEEE16B9234D36140060FAD7 /* LaunchScreen.storyboard in Resources */ = {isa = PBXBuildFile; fileRef = CEEE16B7234D36140060FAD7 /* LaunchScreen.storyboard */; };
		CEF55603234E283B00D8AEE7 /* OTMClient.swift in Sources */ = {isa = PBXBuildFile; fileRef = CEF55602234E283B00D8AEE7 /* OTMClient.swift */; };
		CEF55605234E292500D8AEE7 /* OTMResult.swift in Sources */ = {isa = PBXBuildFile; fileRef = CEF55604234E292500D8AEE7 /* OTMResult.swift */; };
		CEF55608234E2D8B00D8AEE7 /* LoginRequest.swift in Sources */ = {isa = PBXBuildFile; fileRef = CEF55607234E2D8B00D8AEE7 /* LoginRequest.swift */; };
		CEF5560B234E36FE00D8AEE7 /* OTMSession.swift in Sources */ = {isa = PBXBuildFile; fileRef = CEF5560A234E36FE00D8AEE7 /* OTMSession.swift */; };
		CEF5560D234E380100D8AEE7 /* LoginResponse.swift in Sources */ = {isa = PBXBuildFile; fileRef = CEF5560C234E380100D8AEE7 /* LoginResponse.swift */; };
		CEF55610234E3A3900D8AEE7 /* OTMErrorResponse.swift in Sources */ = {isa = PBXBuildFile; fileRef = CEF5560F234E3A3900D8AEE7 /* OTMErrorResponse.swift */; };
		CEF55612234E53CC00D8AEE7 /* StudentInformation.swift in Sources */ = {isa = PBXBuildFile; fileRef = CEF55611234E53CC00D8AEE7 /* StudentInformation.swift */; };
		CEF55614234E54FE00D8AEE7 /* StudentLocationResponse.swift in Sources */ = {isa = PBXBuildFile; fileRef = CEF55613234E54FE00D8AEE7 /* StudentLocationResponse.swift */; };
/* End PBXBuildFile section */

/* Begin PBXFileReference section */
		CE031FC4234E786A0047CE9F /* StudentLocationViewController.swift */ = {isa = PBXFileReference; lastKnownFileType = sourcecode.swift; path = StudentLocationViewController.swift; sourceTree = "<group>"; };
		CE031FC6234E892B0047CE9F /* StudentListViewController.swift */ = {isa = PBXFileReference; lastKnownFileType = sourcecode.swift; path = StudentListViewController.swift; sourceTree = "<group>"; };
		CE94B1B6234F70610011A927 /* UIViewController+Extension.swift */ = {isa = PBXFileReference; lastKnownFileType = sourcecode.swift; path = "UIViewController+Extension.swift"; sourceTree = "<group>"; };
		CE94B1B9234F7B980011A927 /* AddLocationViewController.swift */ = {isa = PBXFileReference; lastKnownFileType = sourcecode.swift; path = AddLocationViewController.swift; sourceTree = "<group>"; };
		CEEE16A9234D36120060FAD7 /* On the Map.app */ = {isa = PBXFileReference; explicitFileType = wrapper.application; includeInIndex = 0; path = "On the Map.app"; sourceTree = BUILT_PRODUCTS_DIR; };
		CEEE16AC234D36120060FAD7 /* AppDelegate.swift */ = {isa = PBXFileReference; lastKnownFileType = sourcecode.swift; path = AppDelegate.swift; sourceTree = "<group>"; };
		CEEE16AE234D36120060FAD7 /* SceneDelegate.swift */ = {isa = PBXFileReference; lastKnownFileType = sourcecode.swift; path = SceneDelegate.swift; sourceTree = "<group>"; };
		CEEE16B0234D36120060FAD7 /* LoginViewController.swift */ = {isa = PBXFileReference; lastKnownFileType = sourcecode.swift; path = LoginViewController.swift; sourceTree = "<group>"; };
		CEEE16B3234D36120060FAD7 /* Base */ = {isa = PBXFileReference; lastKnownFileType = file.storyboard; name = Base; path = Base.lproj/Main.storyboard; sourceTree = "<group>"; };
		CEEE16B5234D36140060FAD7 /* Assets.xcassets */ = {isa = PBXFileReference; lastKnownFileType = folder.assetcatalog; path = Assets.xcassets; sourceTree = "<group>"; };
		CEEE16B8234D36140060FAD7 /* Base */ = {isa = PBXFileReference; lastKnownFileType = file.storyboard; name = Base; path = Base.lproj/LaunchScreen.storyboard; sourceTree = "<group>"; };
		CEEE16BA234D36140060FAD7 /* Info.plist */ = {isa = PBXFileReference; lastKnownFileType = text.plist.xml; path = Info.plist; sourceTree = "<group>"; };
		CEF55602234E283B00D8AEE7 /* OTMClient.swift */ = {isa = PBXFileReference; lastKnownFileType = sourcecode.swift; path = OTMClient.swift; sourceTree = "<group>"; };
		CEF55604234E292500D8AEE7 /* OTMResult.swift */ = {isa = PBXFileReference; lastKnownFileType = sourcecode.swift; path = OTMResult.swift; sourceTree = "<group>"; };
		CEF55607234E2D8B00D8AEE7 /* LoginRequest.swift */ = {isa = PBXFileReference; lastKnownFileType = sourcecode.swift; path = LoginRequest.swift; sourceTree = "<group>"; };
		CEF5560A234E36FE00D8AEE7 /* OTMSession.swift */ = {isa = PBXFileReference; lastKnownFileType = sourcecode.swift; path = OTMSession.swift; sourceTree = "<group>"; };
		CEF5560C234E380100D8AEE7 /* LoginResponse.swift */ = {isa = PBXFileReference; lastKnownFileType = sourcecode.swift; path = LoginResponse.swift; sourceTree = "<group>"; };
		CEF5560F234E3A3900D8AEE7 /* OTMErrorResponse.swift */ = {isa = PBXFileReference; lastKnownFileType = sourcecode.swift; path = OTMErrorResponse.swift; sourceTree = "<group>"; };
		CEF55611234E53CC00D8AEE7 /* StudentInformation.swift */ = {isa = PBXFileReference; lastKnownFileType = sourcecode.swift; path = StudentInformation.swift; sourceTree = "<group>"; };
		CEF55613234E54FE00D8AEE7 /* StudentLocationResponse.swift */ = {isa = PBXFileReference; lastKnownFileType = sourcecode.swift; path = StudentLocationResponse.swift; sourceTree = "<group>"; };
/* End PBXFileReference section */

/* Begin PBXFrameworksBuildPhase section */
		CEEE16A6234D36120060FAD7 /* Frameworks */ = {
			isa = PBXFrameworksBuildPhase;
			buildActionMask = 2147483647;
			files = (
			);
			runOnlyForDeploymentPostprocessing = 0;
		};
/* End PBXFrameworksBuildPhase section */

/* Begin PBXGroup section */
		CE94B1B8234F76980011A927 /* Assets */ = {
			isa = PBXGroup;
			children = (
				CEEE16B5234D36140060FAD7 /* Assets.xcassets */,
				CEEE16B7234D36140060FAD7 /* LaunchScreen.storyboard */,
				CEEE16B2234D36120060FAD7 /* Main.storyboard */,
			);
			path = Assets;
			sourceTree = "<group>";
		};
		CEEE16A0234D36120060FAD7 = {
			isa = PBXGroup;
			children = (
				CEEE16AB234D36120060FAD7 /* On the Map */,
				CEEE16AA234D36120060FAD7 /* Products */,
			);
			sourceTree = "<group>";
		};
		CEEE16AA234D36120060FAD7 /* Products */ = {
			isa = PBXGroup;
			children = (
				CEEE16A9234D36120060FAD7 /* On the Map.app */,
			);
			name = Products;
			sourceTree = "<group>";
		};
		CEEE16AB234D36120060FAD7 /* On the Map */ = {
			isa = PBXGroup;
			children = (
				CEEE16AC234D36120060FAD7 /* AppDelegate.swift */,
				CEEE16AE234D36120060FAD7 /* SceneDelegate.swift */,
				CEF55601234E243A00D8AEE7 /* Controller */,
				CE94B1B8234F76980011A927 /* Assets */,
				CEEE16BA234D36140060FAD7 /* Info.plist */,
				CEF55606234E29A700D8AEE7 /* Model */,
			);
			path = "On the Map";
			sourceTree = "<group>";
		};
		CEF55601234E243A00D8AEE7 /* Controller */ = {
			isa = PBXGroup;
			children = (
				CE94B1B9234F7B980011A927 /* AddLocationViewController.swift */,
				CEEE16B0234D36120060FAD7 /* LoginViewController.swift */,
				CE031FC6234E892B0047CE9F /* StudentListViewController.swift */,
				CE031FC4234E786A0047CE9F /* StudentLocationViewController.swift */,
				CE94B1B6234F70610011A927 /* UIViewController+Extension.swift */,
			);
			path = Controller;
			sourceTree = "<group>";
		};
		CEF55606234E29A700D8AEE7 /* Model */ = {
			isa = PBXGroup;
			children = (
				CEF55602234E283B00D8AEE7 /* OTMClient.swift */,
				CEF55604234E292500D8AEE7 /* OTMResult.swift */,
				CEF55615234E554600D8AEE7 /* Data */,
				CEF55609234E343800D8AEE7 /* Requests */,
				CEF5560E234E3A2100D8AEE7 /* Responses */,
			);
			path = Model;
			sourceTree = "<group>";
		};
		CEF55609234E343800D8AEE7 /* Requests */ = {
			isa = PBXGroup;
			children = (
				CEF55607234E2D8B00D8AEE7 /* LoginRequest.swift */,
			);
			path = Requests;
			sourceTree = "<group>";
		};
		CEF5560E234E3A2100D8AEE7 /* Responses */ = {
			isa = PBXGroup;
			children = (
				CEF5560C234E380100D8AEE7 /* LoginResponse.swift */,
				CEF5560F234E3A3900D8AEE7 /* OTMErrorResponse.swift */,
				CEF55613234E54FE00D8AEE7 /* StudentLocationResponse.swift */,
			);
			path = Responses;
			sourceTree = "<group>";
		};
		CEF55615234E554600D8AEE7 /* Data */ = {
			isa = PBXGroup;
			children = (
				CEF5560A234E36FE00D8AEE7 /* OTMSession.swift */,
				CEF55611234E53CC00D8AEE7 /* StudentInformation.swift */,
			);
			path = Data;
			sourceTree = "<group>";
		};
/* End PBXGroup section */

/* Begin PBXNativeTarget section */
		CEEE16A8234D36120060FAD7 /* On the Map */ = {
			isa = PBXNativeTarget;
			buildConfigurationList = CEEE16BD234D36140060FAD7 /* Build configuration list for PBXNativeTarget "On the Map" */;
			buildPhases = (
				CEEE16A5234D36120060FAD7 /* Sources */,
				CEEE16A6234D36120060FAD7 /* Frameworks */,
				CEEE16A7234D36120060FAD7 /* Resources */,
			);
			buildRules = (
			);
			dependencies = (
			);
			name = "On the Map";
			productName = "On the Map";
			productReference = CEEE16A9234D36120060FAD7 /* On the Map.app */;
			productType = "com.apple.product-type.application";
		};
/* End PBXNativeTarget section */

/* Begin PBXProject section */
		CEEE16A1234D36120060FAD7 /* Project object */ = {
			isa = PBXProject;
			attributes = {
				LastSwiftUpdateCheck = 1110;
				LastUpgradeCheck = 1110;
				ORGANIZATIONNAME = "Ben Lewis";
				TargetAttributes = {
					CEEE16A8234D36120060FAD7 = {
						CreatedOnToolsVersion = 11.1;
					};
				};
			};
			buildConfigurationList = CEEE16A4234D36120060FAD7 /* Build configuration list for PBXProject "On the Map" */;
			compatibilityVersion = "Xcode 9.3";
			developmentRegion = en;
			hasScannedForEncodings = 0;
			knownRegions = (
				en,
				Base,
			);
			mainGroup = CEEE16A0234D36120060FAD7;
			productRefGroup = CEEE16AA234D36120060FAD7 /* Products */;
			projectDirPath = "";
			projectRoot = "";
			targets = (
				CEEE16A8234D36120060FAD7 /* On the Map */,
			);
		};
/* End PBXProject section */

/* Begin PBXResourcesBuildPhase section */
		CEEE16A7234D36120060FAD7 /* Resources */ = {
			isa = PBXResourcesBuildPhase;
			buildActionMask = 2147483647;
			files = (
				CEEE16B9234D36140060FAD7 /* LaunchScreen.storyboard in Resources */,
				CEEE16B6234D36140060FAD7 /* Assets.xcassets in Resources */,
				CEEE16B4234D36120060FAD7 /* Main.storyboard in Resources */,
			);
			runOnlyForDeploymentPostprocessing = 0;
		};
/* End PBXResourcesBuildPhase section */

/* Begin PBXSourcesBuildPhase section */
		CEEE16A5234D36120060FAD7 /* Sources */ = {
			isa = PBXSourcesBuildPhase;
			buildActionMask = 2147483647;
			files = (
				CEF55605234E292500D8AEE7 /* OTMResult.swift in Sources */,
				CEEE16B1234D36120060FAD7 /* LoginViewController.swift in Sources */,
				CEEE16AD234D36120060FAD7 /* AppDelegate.swift in Sources */,
				CEF5560B234E36FE00D8AEE7 /* OTMSession.swift in Sources */,
				CE94B1B7234F70610011A927 /* UIViewController+Extension.swift in Sources */,
				CEF55608234E2D8B00D8AEE7 /* LoginRequest.swift in Sources */,
				CE031FC5234E786A0047CE9F /* StudentLocationViewController.swift in Sources */,
				CE94B1BA234F7B980011A927 /* AddLocationViewController.swift in Sources */,
				CEF55603234E283B00D8AEE7 /* OTMClient.swift in Sources */,
				CEF5560D234E380100D8AEE7 /* LoginResponse.swift in Sources */,
				CEF55610234E3A3900D8AEE7 /* OTMErrorResponse.swift in Sources */,
				CEF55612234E53CC00D8AEE7 /* StudentInformation.swift in Sources */,
				CEF55614234E54FE00D8AEE7 /* StudentLocationResponse.swift in Sources */,
				CEEE16AF234D36120060FAD7 /* SceneDelegate.swift in Sources */,
				CE031FC7234E892B0047CE9F /* StudentListViewController.swift in Sources */,
			);
			runOnlyForDeploymentPostprocessing = 0;
		};
/* End PBXSourcesBuildPhase section */

/* Begin PBXVariantGroup section */
		CEEE16B2234D36120060FAD7 /* Main.storyboard */ = {
			isa = PBXVariantGroup;
			children = (
				CEEE16B3234D36120060FAD7 /* Base */,
			);
			name = Main.storyboard;
			sourceTree = "<group>";
		};
		CEEE16B7234D36140060FAD7 /* LaunchScreen.storyboard */ = {
			isa = PBXVariantGroup;
			children = (
				CEEE16B8234D36140060FAD7 /* Base */,
			);
			name = LaunchScreen.storyboard;
			sourceTree = "<group>";
		};
/* End PBXVariantGroup section */

/* Begin XCBuildConfiguration section */
		CEEE16BB234D36140060FAD7 /* Debug */ = {
			isa = XCBuildConfiguration;
			buildSettings = {
				ALWAYS_SEARCH_USER_PATHS = NO;
				CLANG_ANALYZER_NONNULL = YES;
				CLANG_ANALYZER_NUMBER_OBJECT_CONVERSION = YES_AGGRESSIVE;
				CLANG_CXX_LANGUAGE_STANDARD = "gnu++14";
				CLANG_CXX_LIBRARY = "libc++";
				CLANG_ENABLE_MODULES = YES;
				CLANG_ENABLE_OBJC_ARC = YES;
				CLANG_ENABLE_OBJC_WEAK = YES;
				CLANG_WARN_BLOCK_CAPTURE_AUTORELEASING = YES;
				CLANG_WARN_BOOL_CONVERSION = YES;
				CLANG_WARN_COMMA = YES;
				CLANG_WARN_CONSTANT_CONVERSION = YES;
				CLANG_WARN_DEPRECATED_OBJC_IMPLEMENTATIONS = YES;
				CLANG_WARN_DIRECT_OBJC_ISA_USAGE = YES_ERROR;
				CLANG_WARN_DOCUMENTATION_COMMENTS = YES;
				CLANG_WARN_EMPTY_BODY = YES;
				CLANG_WARN_ENUM_CONVERSION = YES;
				CLANG_WARN_INFINITE_RECURSION = YES;
				CLANG_WARN_INT_CONVERSION = YES;
				CLANG_WARN_NON_LITERAL_NULL_CONVERSION = YES;
				CLANG_WARN_OBJC_IMPLICIT_RETAIN_SELF = YES;
				CLANG_WARN_OBJC_LITERAL_CONVERSION = YES;
				CLANG_WARN_OBJC_ROOT_CLASS = YES_ERROR;
				CLANG_WARN_RANGE_LOOP_ANALYSIS = YES;
				CLANG_WARN_STRICT_PROTOTYPES = YES;
				CLANG_WARN_SUSPICIOUS_MOVE = YES;
				CLANG_WARN_UNGUARDED_AVAILABILITY = YES_AGGRESSIVE;
				CLANG_WARN_UNREACHABLE_CODE = YES;
				CLANG_WARN__DUPLICATE_METHOD_MATCH = YES;
				COPY_PHASE_STRIP = NO;
				DEBUG_INFORMATION_FORMAT = dwarf;
				ENABLE_STRICT_OBJC_MSGSEND = YES;
				ENABLE_TESTABILITY = YES;
				GCC_C_LANGUAGE_STANDARD = gnu11;
				GCC_DYNAMIC_NO_PIC = NO;
				GCC_NO_COMMON_BLOCKS = YES;
				GCC_OPTIMIZATION_LEVEL = 0;
				GCC_PREPROCESSOR_DEFINITIONS = (
					"DEBUG=1",
					"$(inherited)",
				);
				GCC_WARN_64_TO_32_BIT_CONVERSION = YES;
				GCC_WARN_ABOUT_RETURN_TYPE = YES_ERROR;
				GCC_WARN_UNDECLARED_SELECTOR = YES;
				GCC_WARN_UNINITIALIZED_AUTOS = YES_AGGRESSIVE;
				GCC_WARN_UNUSED_FUNCTION = YES;
				GCC_WARN_UNUSED_VARIABLE = YES;
				IPHONEOS_DEPLOYMENT_TARGET = 13.1;
				MTL_ENABLE_DEBUG_INFO = INCLUDE_SOURCE;
				MTL_FAST_MATH = YES;
				ONLY_ACTIVE_ARCH = YES;
				SDKROOT = iphoneos;
				SWIFT_ACTIVE_COMPILATION_CONDITIONS = DEBUG;
				SWIFT_OPTIMIZATION_LEVEL = "-Onone";
			};
			name = Debug;
		};
		CEEE16BC234D36140060FAD7 /* Release */ = {
			isa = XCBuildConfiguration;
			buildSettings = {
				ALWAYS_SEARCH_USER_PATHS = NO;
				CLANG_ANALYZER_NONNULL = YES;
				CLANG_ANALYZER_NUMBER_OBJECT_CONVERSION = YES_AGGRESSIVE;
				CLANG_CXX_LANGUAGE_STANDARD = "gnu++14";
				CLANG_CXX_LIBRARY = "libc++";
				CLANG_ENABLE_MODULES = YES;
				CLANG_ENABLE_OBJC_ARC = YES;
				CLANG_ENABLE_OBJC_WEAK = YES;
				CLANG_WARN_BLOCK_CAPTURE_AUTORELEASING = YES;
				CLANG_WARN_BOOL_CONVERSION = YES;
				CLANG_WARN_COMMA = YES;
				CLANG_WARN_CONSTANT_CONVERSION = YES;
				CLANG_WARN_DEPRECATED_OBJC_IMPLEMENTATIONS = YES;
				CLANG_WARN_DIRECT_OBJC_ISA_USAGE = YES_ERROR;
				CLANG_WARN_DOCUMENTATION_COMMENTS = YES;
				CLANG_WARN_EMPTY_BODY = YES;
				CLANG_WARN_ENUM_CONVERSION = YES;
				CLANG_WARN_INFINITE_RECURSION = YES;
				CLANG_WARN_INT_CONVERSION = YES;
				CLANG_WARN_NON_LITERAL_NULL_CONVERSION = YES;
				CLANG_WARN_OBJC_IMPLICIT_RETAIN_SELF = YES;
				CLANG_WARN_OBJC_LITERAL_CONVERSION = YES;
				CLANG_WARN_OBJC_ROOT_CLASS = YES_ERROR;
				CLANG_WARN_RANGE_LOOP_ANALYSIS = YES;
				CLANG_WARN_STRICT_PROTOTYPES = YES;
				CLANG_WARN_SUSPICIOUS_MOVE = YES;
				CLANG_WARN_UNGUARDED_AVAILABILITY = YES_AGGRESSIVE;
				CLANG_WARN_UNREACHABLE_CODE = YES;
				CLANG_WARN__DUPLICATE_METHOD_MATCH = YES;
				COPY_PHASE_STRIP = NO;
				DEBUG_INFORMATION_FORMAT = "dwarf-with-dsym";
				ENABLE_NS_ASSERTIONS = NO;
				ENABLE_STRICT_OBJC_MSGSEND = YES;
				GCC_C_LANGUAGE_STANDARD = gnu11;
				GCC_NO_COMMON_BLOCKS = YES;
				GCC_WARN_64_TO_32_BIT_CONVERSION = YES;
				GCC_WARN_ABOUT_RETURN_TYPE = YES_ERROR;
				GCC_WARN_UNDECLARED_SELECTOR = YES;
				GCC_WARN_UNINITIALIZED_AUTOS = YES_AGGRESSIVE;
				GCC_WARN_UNUSED_FUNCTION = YES;
				GCC_WARN_UNUSED_VARIABLE = YES;
				IPHONEOS_DEPLOYMENT_TARGET = 13.1;
				MTL_ENABLE_DEBUG_INFO = NO;
				MTL_FAST_MATH = YES;
				SDKROOT = iphoneos;
				SWIFT_COMPILATION_MODE = wholemodule;
				SWIFT_OPTIMIZATION_LEVEL = "-O";
				VALIDATE_PRODUCT = YES;
			};
			name = Release;
		};
		CEEE16BE234D36140060FAD7 /* Debug */ = {
			isa = XCBuildConfiguration;
			buildSettings = {
				ASSETCATALOG_COMPILER_APPICON_NAME = AppIcon;
				CODE_SIGN_STYLE = Automatic;
				DEVELOPMENT_TEAM = PZ2KX24FW6;
				INFOPLIST_FILE = "On the Map/Info.plist";
				LD_RUNPATH_SEARCH_PATHS = (
					"$(inherited)",
					"@executable_path/Frameworks",
				);
				PRODUCT_BUNDLE_IDENTIFIER = "com.ben.On-the-Map";
				PRODUCT_NAME = "$(TARGET_NAME)";
				SWIFT_VERSION = 5.0;
				TARGETED_DEVICE_FAMILY = "1,2";
			};
			name = Debug;
		};
		CEEE16BF234D36140060FAD7 /* Release */ = {
			isa = XCBuildConfiguration;
			buildSettings = {
				ASSETCATALOG_COMPILER_APPICON_NAME = AppIcon;
				CODE_SIGN_STYLE = Automatic;
				DEVELOPMENT_TEAM = PZ2KX24FW6;
				INFOPLIST_FILE = "On the Map/Info.plist";
				LD_RUNPATH_SEARCH_PATHS = (
					"$(inherited)",
					"@executable_path/Frameworks",
				);
				PRODUCT_BUNDLE_IDENTIFIER = "com.ben.On-the-Map";
				PRODUCT_NAME = "$(TARGET_NAME)";
				SWIFT_VERSION = 5.0;
				TARGETED_DEVICE_FAMILY = "1,2";
			};
			name = Release;
		};
/* End XCBuildConfiguration section */

/* Begin XCConfigurationList section */
		CEEE16A4234D36120060FAD7 /* Build configuration list for PBXProject "On the Map" */ = {
			isa = XCConfigurationList;
			buildConfigurations = (
				CEEE16BB234D36140060FAD7 /* Debug */,
				CEEE16BC234D36140060FAD7 /* Release */,
			);
			defaultConfigurationIsVisible = 0;
			defaultConfigurationName = Release;
		};
		CEEE16BD234D36140060FAD7 /* Build configuration list for PBXNativeTarget "On the Map" */ = {
			isa = XCConfigurationList;
			buildConfigurations = (
				CEEE16BE234D36140060FAD7 /* Debug */,
				CEEE16BF234D36140060FAD7 /* Release */,
			);
			defaultConfigurationIsVisible = 0;
			defaultConfigurationName = Release;
		};
/* End XCConfigurationList section */
	};
	rootObject = CEEE16A1234D36120060FAD7 /* Project object */;
}
